// !$*UTF8*$!
{
	archiveVersion = 1;
	classes = {
	};
	objectVersion = 46;
	objects = {

/* Begin PBXBuildFile section */
		4989E165137458EB007AB8A5 /* ForecastModel+FactorCalc.m in Sources */ = {isa = PBXBuildFile; fileRef = 4989E164137458EA007AB8A5 /* ForecastModel+FactorCalc.m */; };
		4989E16913745931007AB8A5 /* ErlangRequest+Reports.m in Sources */ = {isa = PBXBuildFile; fileRef = 4989E16813745931007AB8A5 /* ErlangRequest+Reports.m */; };
		49CC4E141373D5660023462C /* Foundation.framework in Frameworks */ = {isa = PBXBuildFile; fileRef = 49CC4E131373D5660023462C /* Foundation.framework */; };
		49CC4E171373D5660023462C /* main.m in Sources */ = {isa = PBXBuildFile; fileRef = 49CC4E161373D5660023462C /* main.m */; };
		49CC4E221373D5960023462C /* Forecast.m in Sources */ = {isa = PBXBuildFile; fileRef = 49CC4E211373D5960023462C /* Forecast.m */; };
		49CC4E251373EA370023462C /* Shrinkage.m in Sources */ = {isa = PBXBuildFile; fileRef = 49CC4E241373EA370023462C /* Shrinkage.m */; };
		49CC4E2C1373EAE40023462C /* erlangc.c in Sources */ = {isa = PBXBuildFile; fileRef = 49CC4E261373EAE40023462C /* erlangc.c */; };
		49CC4E2D1373EAE40023462C /* ErlangRequest.m in Sources */ = {isa = PBXBuildFile; fileRef = 49CC4E291373EAE40023462C /* ErlangRequest.m */; };
		49CC4E2E1373EAE40023462C /* gammadist.c in Sources */ = {isa = PBXBuildFile; fileRef = 49CC4E2A1373EAE40023462C /* gammadist.c */; };
		49CC4E311373EBC10023462C /* ForecastModel.m in Sources */ = {isa = PBXBuildFile; fileRef = 49CC4E301373EBC10023462C /* ForecastModel.m */; };
/* End PBXBuildFile section */

/* Begin PBXCopyFilesBuildPhase section */
		49CC4E0D1373D5660023462C /* CopyFiles */ = {
			isa = PBXCopyFilesBuildPhase;
			buildActionMask = 2147483647;
			dstPath = /usr/share/man/man1/;
			dstSubfolderSpec = 0;
			files = (
			);
			runOnlyForDeploymentPostprocessing = 1;
		};
/* End PBXCopyFilesBuildPhase section */

/* Begin PBXFileReference section */
		4989E163137458EA007AB8A5 /* ForecastModel+FactorCalc.h */ = {isa = PBXFileReference; fileEncoding = 4; lastKnownFileType = sourcecode.c.h; path = "ForecastModel+FactorCalc.h"; sourceTree = "<group>"; };
		4989E164137458EA007AB8A5 /* ForecastModel+FactorCalc.m */ = {isa = PBXFileReference; fileEncoding = 4; lastKnownFileType = sourcecode.c.objc; path = "ForecastModel+FactorCalc.m"; sourceTree = "<group>"; };
		4989E16713745931007AB8A5 /* ErlangRequest+Reports.h */ = {isa = PBXFileReference; fileEncoding = 4; lastKnownFileType = sourcecode.c.h; path = "ErlangRequest+Reports.h"; sourceTree = "<group>"; };
		4989E16813745931007AB8A5 /* ErlangRequest+Reports.m */ = {isa = PBXFileReference; fileEncoding = 4; lastKnownFileType = sourcecode.c.objc; path = "ErlangRequest+Reports.m"; sourceTree = "<group>"; };
		498B67F11375B407003A58CF /* ForecastFactors.plist */ = {isa = PBXFileReference; fileEncoding = 4; path = ForecastFactors.plist; sourceTree = "<group>"; };
		49CC4E0F1373D5660023462C /* CallForecaster */ = {isa = PBXFileReference; explicitFileType = "compiled.mach-o.executable"; includeInIndex = 0; path = CallForecaster; sourceTree = BUILT_PRODUCTS_DIR; };
		49CC4E131373D5660023462C /* Foundation.framework */ = {isa = PBXFileReference; lastKnownFileType = wrapper.framework; name = Foundation.framework; path = System/Library/Frameworks/Foundation.framework; sourceTree = SDKROOT; };
		49CC4E161373D5660023462C /* main.m */ = {isa = PBXFileReference; lastKnownFileType = sourcecode.c.objc; path = main.m; sourceTree = "<group>"; };
		49CC4E191373D5660023462C /* CallForecaster-Prefix.pch */ = {isa = PBXFileReference; lastKnownFileType = sourcecode.c.h; path = "CallForecaster-Prefix.pch"; sourceTree = "<group>"; };
		49CC4E1A1373D5660023462C /* CallForecaster.1 */ = {isa = PBXFileReference; lastKnownFileType = text.man; path = CallForecaster.1; sourceTree = "<group>"; };
		49CC4E201373D5960023462C /* Forecast.h */ = {isa = PBXFileReference; fileEncoding = 4; lastKnownFileType = sourcecode.c.h; name = Forecast.h; path = CallForecaster.xcodeproj/Forecast.h; sourceTree = SOURCE_ROOT; };
		49CC4E211373D5960023462C /* Forecast.m */ = {isa = PBXFileReference; fileEncoding = 4; lastKnownFileType = sourcecode.c.objc; name = Forecast.m; path = CallForecaster.xcodeproj/Forecast.m; sourceTree = SOURCE_ROOT; };
		49CC4E231373EA370023462C /* Shrinkage.h */ = {isa = PBXFileReference; fileEncoding = 4; lastKnownFileType = sourcecode.c.h; path = Shrinkage.h; sourceTree = SOURCE_ROOT; };
		49CC4E241373EA370023462C /* Shrinkage.m */ = {isa = PBXFileReference; fileEncoding = 4; lastKnownFileType = sourcecode.c.objc; path = Shrinkage.m; sourceTree = SOURCE_ROOT; };
		49CC4E261373EAE40023462C /* erlangc.c */ = {isa = PBXFileReference; fileEncoding = 4; lastKnownFileType = sourcecode.c.c; path = erlangc.c; sourceTree = SOURCE_ROOT; };
		49CC4E271373EAE40023462C /* erlangc.h */ = {isa = PBXFileReference; fileEncoding = 4; lastKnownFileType = sourcecode.c.h; path = erlangc.h; sourceTree = SOURCE_ROOT; };
		49CC4E281373EAE40023462C /* ErlangRequest.h */ = {isa = PBXFileReference; fileEncoding = 4; lastKnownFileType = sourcecode.c.h; path = ErlangRequest.h; sourceTree = SOURCE_ROOT; };
		49CC4E291373EAE40023462C /* ErlangRequest.m */ = {isa = PBXFileReference; fileEncoding = 4; lastKnownFileType = sourcecode.c.objc; path = ErlangRequest.m; sourceTree = SOURCE_ROOT; };
		49CC4E2A1373EAE40023462C /* gammadist.c */ = {isa = PBXFileReference; fileEncoding = 4; lastKnownFileType = sourcecode.c.c; path = gammadist.c; sourceTree = SOURCE_ROOT; };
		49CC4E2B1373EAE40023462C /* gammadist.h */ = {isa = PBXFileReference; fileEncoding = 4; lastKnownFileType = sourcecode.c.h; path = gammadist.h; sourceTree = SOURCE_ROOT; };
		49CC4E2F1373EBC10023462C /* ForecastModel.h */ = {isa = PBXFileReference; fileEncoding = 4; lastKnownFileType = sourcecode.c.h; path = ForecastModel.h; sourceTree = SOURCE_ROOT; };
		49CC4E301373EBC10023462C /* ForecastModel.m */ = {isa = PBXFileReference; fileEncoding = 4; lastKnownFileType = sourcecode.c.objc; path = ForecastModel.m; sourceTree = SOURCE_ROOT; };
/* End PBXFileReference section */

/* Begin PBXFrameworksBuildPhase section */
		49CC4E0C1373D5660023462C /* Frameworks */ = {
			isa = PBXFrameworksBuildPhase;
			buildActionMask = 2147483647;
			files = (
				49CC4E141373D5660023462C /* Foundation.framework in Frameworks */,
			);
			runOnlyForDeploymentPostprocessing = 0;
		};
/* End PBXFrameworksBuildPhase section */

/* Begin PBXGroup section */
		4989E16A1374609B007AB8A5 /* Forecast */ = {
			isa = PBXGroup;
			children = (
				49CC4E201373D5960023462C /* Forecast.h */,
				49CC4E211373D5960023462C /* Forecast.m */,
				49CC4E2F1373EBC10023462C /* ForecastModel.h */,
				49CC4E301373EBC10023462C /* ForecastModel.m */,
				4989E163137458EA007AB8A5 /* ForecastModel+FactorCalc.h */,
				4989E164137458EA007AB8A5 /* ForecastModel+FactorCalc.m */,
				4989E16C137460C3007AB8A5 /* Shrinkage Factor */,
			);
			name = Forecast;
			sourceTree = "<group>";
		};
		4989E16B137460B0007AB8A5 /* Erlang Request */ = {
			isa = PBXGroup;
			children = (
				49CC4E281373EAE40023462C /* ErlangRequest.h */,
				4989E16713745931007AB8A5 /* ErlangRequest+Reports.h */,
				4989E16813745931007AB8A5 /* ErlangRequest+Reports.m */,
				49CC4E291373EAE40023462C /* ErlangRequest.m */,
				49CC4E261373EAE40023462C /* erlangc.c */,
				49CC4E271373EAE40023462C /* erlangc.h */,
				49CC4E2A1373EAE40023462C /* gammadist.c */,
				49CC4E2B1373EAE40023462C /* gammadist.h */,
			);
			name = "Erlang Request";
			sourceTree = "<group>";
		};
		4989E16C137460C3007AB8A5 /* Shrinkage Factor */ = {
			isa = PBXGroup;
			children = (
				49CC4E231373EA370023462C /* Shrinkage.h */,
				49CC4E241373EA370023462C /* Shrinkage.m */,
			);
			name = "Shrinkage Factor";
			sourceTree = "<group>";
		};
		498B67F31375B411003A58CF /* Property Lists */ = {
			isa = PBXGroup;
			children = (
				498B67F11375B407003A58CF /* ForecastFactors.plist */,
			);
			name = "Property Lists";
			sourceTree = "<group>";
		};
		49CC4E041373D5660023462C = {
			isa = PBXGroup;
			children = (
				49CC4E151373D5660023462C /* CallForecaster */,
				49CC4E121373D5660023462C /* Frameworks */,
				49CC4E101373D5660023462C /* Products */,
			);
			sourceTree = "<group>";
		};
		49CC4E101373D5660023462C /* Products */ = {
			isa = PBXGroup;
			children = (
				49CC4E0F1373D5660023462C /* CallForecaster */,
			);
			name = Products;
			sourceTree = "<group>";
		};
		49CC4E121373D5660023462C /* Frameworks */ = {
			isa = PBXGroup;
			children = (
				49CC4E131373D5660023462C /* Foundation.framework */,
			);
			name = Frameworks;
			sourceTree = "<group>";
		};
		49CC4E151373D5660023462C /* CallForecaster */ = {
			isa = PBXGroup;
			children = (
				49CC4E161373D5660023462C /* main.m */,
				49CC4E1A1373D5660023462C /* CallForecaster.1 */,
				49CC4E181373D5660023462C /* Supporting Files */,
			);
			path = CallForecaster;
			sourceTree = "<group>";
		};
		49CC4E181373D5660023462C /* Supporting Files */ = {
			isa = PBXGroup;
			children = (
				4989E16A1374609B007AB8A5 /* Forecast */,
				4989E16B137460B0007AB8A5 /* Erlang Request */,
				49CC4E191373D5660023462C /* CallForecaster-Prefix.pch */,
				498B67F31375B411003A58CF /* Property Lists */,
			);
			name = "Supporting Files";
			sourceTree = "<group>";
		};
/* End PBXGroup section */

/* Begin PBXNativeTarget section */
		49CC4E0E1373D5660023462C /* CallForecaster */ = {
			isa = PBXNativeTarget;
			buildConfigurationList = 49CC4E1D1373D5660023462C /* Build configuration list for PBXNativeTarget "CallForecaster" */;
			buildPhases = (
				49CC4E0B1373D5660023462C /* Sources */,
				49CC4E0C1373D5660023462C /* Frameworks */,
				49CC4E0D1373D5660023462C /* CopyFiles */,
			);
			buildRules = (
			);
			dependencies = (
			);
			name = CallForecaster;
			productName = CallForecaster;
			productReference = 49CC4E0F1373D5660023462C /* CallForecaster */;
			productType = "com.apple.product-type.tool";
		};
/* End PBXNativeTarget section */

/* Begin PBXProject section */
		49CC4E061373D5660023462C /* Project object */ = {
			isa = PBXProject;
			buildConfigurationList = 49CC4E091373D5660023462C /* Build configuration list for PBXProject "CallForecaster" */;
			compatibilityVersion = "Xcode 3.2";
			developmentRegion = English;
			hasScannedForEncodings = 0;
			knownRegions = (
				en,
			);
			mainGroup = 49CC4E041373D5660023462C;
			productRefGroup = 49CC4E101373D5660023462C /* Products */;
			projectDirPath = "";
			projectRoot = "";
			targets = (
				49CC4E0E1373D5660023462C /* CallForecaster */,
			);
		};
/* End PBXProject section */

/* Begin PBXSourcesBuildPhase section */
		49CC4E0B1373D5660023462C /* Sources */ = {
			isa = PBXSourcesBuildPhase;
			buildActionMask = 2147483647;
			files = (
				49CC4E171373D5660023462C /* main.m in Sources */,
				49CC4E221373D5960023462C /* Forecast.m in Sources */,
				49CC4E251373EA370023462C /* Shrinkage.m in Sources */,
				49CC4E2C1373EAE40023462C /* erlangc.c in Sources */,
				49CC4E2D1373EAE40023462C /* ErlangRequest.m in Sources */,
				49CC4E2E1373EAE40023462C /* gammadist.c in Sources */,
				49CC4E311373EBC10023462C /* ForecastModel.m in Sources */,
				4989E165137458EB007AB8A5 /* ForecastModel+FactorCalc.m in Sources */,
				4989E16913745931007AB8A5 /* ErlangRequest+Reports.m in Sources */,
			);
			runOnlyForDeploymentPostprocessing = 0;
		};
/* End PBXSourcesBuildPhase section */

/* Begin XCBuildConfiguration section */
		49CC4E1B1373D5660023462C /* Debug */ = {
			isa = XCBuildConfiguration;
			buildSettings = {
				ARCHS = "$(ARCHS_STANDARD_32_64_BIT)";
				GCC_C_LANGUAGE_STANDARD = gnu99;
				GCC_OPTIMIZATION_LEVEL = 0;
				GCC_PREPROCESSOR_DEFINITIONS = DEBUG;
				GCC_SYMBOLS_PRIVATE_EXTERN = NO;
				GCC_VERSION = com.apple.compilers.llvm.clang.1_0;
				GCC_WARN_64_TO_32_BIT_CONVERSION = YES;
				GCC_WARN_ABOUT_RETURN_TYPE = YES;
				GCC_WARN_UNUSED_VARIABLE = YES;
				MACOSX_DEPLOYMENT_TARGET = 10.6;
				ONLY_ACTIVE_ARCH = YES;
				SDKROOT = macosx;
			};
			name = Debug;
		};
		49CC4E1C1373D5660023462C /* Release */ = {
			isa = XCBuildConfiguration;
			buildSettings = {
				ARCHS = "$(ARCHS_STANDARD_32_64_BIT)";
				GCC_C_LANGUAGE_STANDARD = gnu99;
				GCC_VERSION = com.apple.compilers.llvm.clang.1_0;
				GCC_WARN_64_TO_32_BIT_CONVERSION = YES;
				GCC_WARN_ABOUT_RETURN_TYPE = YES;
				GCC_WARN_UNUSED_VARIABLE = YES;
				MACOSX_DEPLOYMENT_TARGET = 10.6;
				SDKROOT = macosx;
			};
			name = Release;
		};
		49CC4E1E1373D5660023462C /* Debug */ = {
			isa = XCBuildConfiguration;
			buildSettings = {
				ALWAYS_SEARCH_USER_PATHS = NO;
				COPY_PHASE_STRIP = NO;
				GCC_DYNAMIC_NO_PIC = NO;
				GCC_ENABLE_OBJC_EXCEPTIONS = YES;
				GCC_PRECOMPILE_PREFIX_HEADER = YES;
				GCC_PREFIX_HEADER = "CallForecaster/CallForecaster-Prefix.pch";
				PRODUCT_NAME = "$(TARGET_NAME)";
			};
			name = Debug;
		};
		49CC4E1F1373D5660023462C /* Release */ = {
			isa = XCBuildConfiguration;
			buildSettings = {
				ALWAYS_SEARCH_USER_PATHS = NO;
				COPY_PHASE_STRIP = YES;
				DEBUG_INFORMATION_FORMAT = "dwarf-with-dsym";
				GCC_ENABLE_OBJC_EXCEPTIONS = YES;
				GCC_PRECOMPILE_PREFIX_HEADER = YES;
				GCC_PREFIX_HEADER = "CallForecaster/CallForecaster-Prefix.pch";
				PRODUCT_NAME = "$(TARGET_NAME)";
			};
			name = Release;
		};
/* End XCBuildConfiguration section */

/* Begin XCConfigurationList section */
		49CC4E091373D5660023462C /* Build configuration list for PBXProject "CallForecaster" */ = {
			isa = XCConfigurationList;
			buildConfigurations = (
				49CC4E1B1373D5660023462C /* Debug */,
				49CC4E1C1373D5660023462C /* Release */,
			);
			defaultConfigurationIsVisible = 0;
			defaultConfigurationName = Release;
		};
		49CC4E1D1373D5660023462C /* Build configuration list for PBXNativeTarget "CallForecaster" */ = {
			isa = XCConfigurationList;
			buildConfigurations = (
				49CC4E1E1373D5660023462C /* Debug */,
				49CC4E1F1373D5660023462C /* Release */,
			);
			defaultConfigurationIsVisible = 0;
			defaultConfigurationName = Release;
		};
/* End XCConfigurationList section */
	};
	rootObject = 49CC4E061373D5660023462C /* Project object */;
}
